
Microsoft Visual Studio Solution File, Format Version 12.00
# Visual Studio Version 16
VisualStudioVersion = 16.0.30204.135
MinimumVisualStudioVersion = 10.0.40219.1
Project("{9A19103F-16F7-4668-BE54-9A1E7A4F7556}") = "SvxlinkManager", "src\Spotnik.Gui\SvxlinkManager.csproj", "{593CD411-5FDF-4521-A015-B499C2677656}"
EndProject
Global
	GlobalSection(SolutionConfigurationPlatforms) = preSolution
		Debug|Any CPU = Debug|Any CPU
		Release|Any CPU = Release|Any CPU
	EndGlobalSection
	GlobalSection(ProjectConfigurationPlatforms) = postSolution
		{593CD411-5FDF-4521-A015-B499C2677656}.Debug|Any CPU.ActiveCfg = Debug|Any CPU
		{593CD411-5FDF-4521-A015-B499C2677656}.Debug|Any CPU.Build.0 = Debug|Any CPU
		{593CD411-5FDF-4521-A015-B499C2677656}.Release|Any CPU.ActiveCfg = Release|Any CPU
		{593CD411-5FDF-4521-A015-B499C2677656}.Release|Any CPU.Build.0 = Release|Any CPU
	EndGlobalSection
	GlobalSection(SolutionProperties) = preSolution
		HideSolutionNode = FALSE
	EndGlobalSection
	GlobalSection(ExtensibilityGlobals) = postSolution
		SolutionGuid = {2D8D7F27-D1EF-4289-B71C-B7298E510A89}
	EndGlobalSection
EndGlobal
