
Microsoft Visual Studio Solution File, Format Version 12.00
# Visual Studio Version 17
VisualStudioVersion = 17.0.32112.339
MinimumVisualStudioVersion = 10.0.40219.1
Project("{9A19103F-16F7-4668-BE54-9A1E7A4F7556}") = "SvxlinkManager", "src\SvxlinkManager\SvxlinkManager.csproj", "{E3354947-D5C4-4106-9C83-99EFDE82BFC3}"
EndProject
Project("{9A19103F-16F7-4668-BE54-9A1E7A4F7556}") = "SvxlinkManager.Domain", "src\SvxlinkManager.Domain\SvxlinkManager.Domain.csproj", "{F728FAD8-286A-472E-8BB9-C6F811F900AA}"
EndProject
Project("{9A19103F-16F7-4668-BE54-9A1E7A4F7556}") = "SvxlinkManager.Application", "src\SvxlinkManager.Application\SvxlinkManager.Application.csproj", "{8C22944F-D12F-4956-B9D2-8B8E4E8CEE91}"
EndProject
Project("{9A19103F-16F7-4668-BE54-9A1E7A4F7556}") = "SvxlinkManager.Infrastructure", "src\SvxlinkManager.Infrastructure\SvxlinkManager.Infrastructure.csproj", "{4FB266AA-3F0A-47CD-B0F7-37E2C9F93554}"
EndProject
Global
	GlobalSection(SolutionConfigurationPlatforms) = preSolution
		Debug|Any CPU = Debug|Any CPU
		Release|Any CPU = Release|Any CPU
	EndGlobalSection
	GlobalSection(ProjectConfigurationPlatforms) = postSolution
		{E3354947-D5C4-4106-9C83-99EFDE82BFC3}.Debug|Any CPU.ActiveCfg = Debug|Any CPU
		{E3354947-D5C4-4106-9C83-99EFDE82BFC3}.Debug|Any CPU.Build.0 = Debug|Any CPU
		{E3354947-D5C4-4106-9C83-99EFDE82BFC3}.Release|Any CPU.ActiveCfg = Release|Any CPU
		{E3354947-D5C4-4106-9C83-99EFDE82BFC3}.Release|Any CPU.Build.0 = Release|Any CPU
		{F728FAD8-286A-472E-8BB9-C6F811F900AA}.Debug|Any CPU.ActiveCfg = Debug|Any CPU
		{F728FAD8-286A-472E-8BB9-C6F811F900AA}.Debug|Any CPU.Build.0 = Debug|Any CPU
		{F728FAD8-286A-472E-8BB9-C6F811F900AA}.Release|Any CPU.ActiveCfg = Release|Any CPU
		{F728FAD8-286A-472E-8BB9-C6F811F900AA}.Release|Any CPU.Build.0 = Release|Any CPU
		{8C22944F-D12F-4956-B9D2-8B8E4E8CEE91}.Debug|Any CPU.ActiveCfg = Debug|Any CPU
		{8C22944F-D12F-4956-B9D2-8B8E4E8CEE91}.Debug|Any CPU.Build.0 = Debug|Any CPU
		{8C22944F-D12F-4956-B9D2-8B8E4E8CEE91}.Release|Any CPU.ActiveCfg = Release|Any CPU
		{8C22944F-D12F-4956-B9D2-8B8E4E8CEE91}.Release|Any CPU.Build.0 = Release|Any CPU
		{4FB266AA-3F0A-47CD-B0F7-37E2C9F93554}.Debug|Any CPU.ActiveCfg = Debug|Any CPU
		{4FB266AA-3F0A-47CD-B0F7-37E2C9F93554}.Debug|Any CPU.Build.0 = Debug|Any CPU
		{4FB266AA-3F0A-47CD-B0F7-37E2C9F93554}.Release|Any CPU.ActiveCfg = Release|Any CPU
		{4FB266AA-3F0A-47CD-B0F7-37E2C9F93554}.Release|Any CPU.Build.0 = Release|Any CPU
	EndGlobalSection
	GlobalSection(SolutionProperties) = preSolution
		HideSolutionNode = FALSE
	EndGlobalSection
	GlobalSection(ExtensibilityGlobals) = postSolution
		SolutionGuid = {2D8D7F27-D1EF-4289-B71C-B7298E510A89}
	EndGlobalSection
EndGlobal
