
Microsoft Visual Studio Solution File, Format Version 12.00
# Visual Studio Version 17
VisualStudioVersion = 17.9.34622.214
MinimumVisualStudioVersion = 10.0.40219.1
Project("{9A19103F-16F7-4668-BE54-9A1E7A4F7556}") = "SvxlinkManager", "src\SvxlinkManager\SvxlinkManager.csproj", "{E3354947-D5C4-4106-9C83-99EFDE82BFC3}"
EndProject
Project("{9A19103F-16F7-4668-BE54-9A1E7A4F7556}") = "SvxlinkManager.Application", "src\SvxlinkManager.Application\SvxlinkManager.Application.csproj", "{4FE6C444-DBCB-4918-894C-73B6353ECBFF}"
EndProject
Project("{9A19103F-16F7-4668-BE54-9A1E7A4F7556}") = "SvxlinkManager.Infrastructure", "src\SvxlinkManager.Infrastructure\SvxlinkManager.Infrastructure.csproj", "{E88CCDD4-7C5C-4082-AEC0-004CA560A534}"
EndProject
Project("{9A19103F-16F7-4668-BE54-9A1E7A4F7556}") = "SvxlinkManager.Domain", "src\SvxlinkManager.Domain\SvxlinkManager.Domain.csproj", "{09153DD7-FC55-4E23-8570-AC56165567D4}"
EndProject
Project("{2150E333-8FDC-42A3-9474-1A3956D46DE8}") = "src", "src", "{428FBBB6-B316-4DA7-A894-AAA20806B587}"
EndProject
Project("{2150E333-8FDC-42A3-9474-1A3956D46DE8}") = "tests", "tests", "{4B9BC748-624B-41D8-9CFF-57A43B27CC8F}"
EndProject
Project("{9A19103F-16F7-4668-BE54-9A1E7A4F7556}") = "SvxlinkManager.Application.Integration.Tests", "tests\SvxlinkManager.Application.Integration.Tests\SvxlinkManager.Application.Integration.Tests.csproj", "{431E1EB7-019C-46B6-AA12-1C8550CB0895}"
EndProject
Project("{9A19103F-16F7-4668-BE54-9A1E7A4F7556}") = "SvxlinkManager.DomainTests", "src\SvxlinkManager.DomainTests\SvxlinkManager.DomainTests.csproj", "{C78E83BB-773D-493A-B751-1CC270B5354E}"
EndProject
Global
	GlobalSection(SolutionConfigurationPlatforms) = preSolution
		Debug|Any CPU = Debug|Any CPU
		Release|Any CPU = Release|Any CPU
	EndGlobalSection
	GlobalSection(ProjectConfigurationPlatforms) = postSolution
		{E3354947-D5C4-4106-9C83-99EFDE82BFC3}.Debug|Any CPU.ActiveCfg = Debug|Any CPU
		{E3354947-D5C4-4106-9C83-99EFDE82BFC3}.Debug|Any CPU.Build.0 = Debug|Any CPU
		{E3354947-D5C4-4106-9C83-99EFDE82BFC3}.Release|Any CPU.ActiveCfg = Release|Any CPU
		{E3354947-D5C4-4106-9C83-99EFDE82BFC3}.Release|Any CPU.Build.0 = Release|Any CPU
		{4FE6C444-DBCB-4918-894C-73B6353ECBFF}.Debug|Any CPU.ActiveCfg = Debug|Any CPU
		{4FE6C444-DBCB-4918-894C-73B6353ECBFF}.Debug|Any CPU.Build.0 = Debug|Any CPU
		{4FE6C444-DBCB-4918-894C-73B6353ECBFF}.Release|Any CPU.ActiveCfg = Release|Any CPU
		{4FE6C444-DBCB-4918-894C-73B6353ECBFF}.Release|Any CPU.Build.0 = Release|Any CPU
		{E88CCDD4-7C5C-4082-AEC0-004CA560A534}.Debug|Any CPU.ActiveCfg = Debug|Any CPU
		{E88CCDD4-7C5C-4082-AEC0-004CA560A534}.Debug|Any CPU.Build.0 = Debug|Any CPU
		{E88CCDD4-7C5C-4082-AEC0-004CA560A534}.Release|Any CPU.ActiveCfg = Release|Any CPU
		{E88CCDD4-7C5C-4082-AEC0-004CA560A534}.Release|Any CPU.Build.0 = Release|Any CPU
		{09153DD7-FC55-4E23-8570-AC56165567D4}.Debug|Any CPU.ActiveCfg = Debug|Any CPU
		{09153DD7-FC55-4E23-8570-AC56165567D4}.Debug|Any CPU.Build.0 = Debug|Any CPU
		{09153DD7-FC55-4E23-8570-AC56165567D4}.Release|Any CPU.ActiveCfg = Release|Any CPU
		{09153DD7-FC55-4E23-8570-AC56165567D4}.Release|Any CPU.Build.0 = Release|Any CPU
		{431E1EB7-019C-46B6-AA12-1C8550CB0895}.Debug|Any CPU.ActiveCfg = Debug|Any CPU
		{431E1EB7-019C-46B6-AA12-1C8550CB0895}.Debug|Any CPU.Build.0 = Debug|Any CPU
		{431E1EB7-019C-46B6-AA12-1C8550CB0895}.Release|Any CPU.ActiveCfg = Release|Any CPU
		{431E1EB7-019C-46B6-AA12-1C8550CB0895}.Release|Any CPU.Build.0 = Release|Any CPU
		{C78E83BB-773D-493A-B751-1CC270B5354E}.Debug|Any CPU.ActiveCfg = Debug|Any CPU
		{C78E83BB-773D-493A-B751-1CC270B5354E}.Debug|Any CPU.Build.0 = Debug|Any CPU
		{C78E83BB-773D-493A-B751-1CC270B5354E}.Release|Any CPU.ActiveCfg = Release|Any CPU
		{C78E83BB-773D-493A-B751-1CC270B5354E}.Release|Any CPU.Build.0 = Release|Any CPU
	EndGlobalSection
	GlobalSection(SolutionProperties) = preSolution
		HideSolutionNode = FALSE
	EndGlobalSection
	GlobalSection(NestedProjects) = preSolution
		{E3354947-D5C4-4106-9C83-99EFDE82BFC3} = {428FBBB6-B316-4DA7-A894-AAA20806B587}
		{4FE6C444-DBCB-4918-894C-73B6353ECBFF} = {428FBBB6-B316-4DA7-A894-AAA20806B587}
		{E88CCDD4-7C5C-4082-AEC0-004CA560A534} = {428FBBB6-B316-4DA7-A894-AAA20806B587}
		{09153DD7-FC55-4E23-8570-AC56165567D4} = {428FBBB6-B316-4DA7-A894-AAA20806B587}
		{431E1EB7-019C-46B6-AA12-1C8550CB0895} = {4B9BC748-624B-41D8-9CFF-57A43B27CC8F}
	EndGlobalSection
	GlobalSection(ExtensibilityGlobals) = postSolution
		SolutionGuid = {2D8D7F27-D1EF-4289-B71C-B7298E510A89}
	EndGlobalSection
EndGlobal
